
Microsoft Visual Studio Solution File, Format Version 12.00
Project("{FAE04EC0-301F-11D3-BF4B-00C04F79EFBC}") = "CheckInvoice.Web", "CheckInvoice.Web\CheckInvoice.Web.csproj", "{D8F027CB-5AF9-4C36-9BCD-5D884D57D4F5}"
EndProject
Project("{FAE04EC0-301F-11D3-BF4B-00C04F79EFBC}") = "CheckInvoice.core", "CheckInvoice.core\CheckInvoice.core.csproj", "{147ABD17-D84F-4AAB-82F8-680443A97A85}"
EndProject
Project("{FAE04EC0-301F-11D3-BF4B-00C04F79EFBC}") = "CheckInvoice.Application", "CheckInvoice.Application\CheckInvoice.Application.csproj", "{361B21A4-9A9B-4A26-BE32-F5DC596B34A5}"
EndProject
Project("{FAE04EC0-301F-11D3-BF4B-00C04F79EFBC}") = "CheckInvoice.Infrastructure", "CheckInvoice.Infrastructure\CheckInvoice.Infrastructure.csproj", "{2DF415A5-3482-4372-A734-E88D7EFFEA8F}"
EndProject
Global
	GlobalSection(SolutionConfigurationPlatforms) = preSolution
		Debug|Any CPU = Debug|Any CPU
		Release|Any CPU = Release|Any CPU
	EndGlobalSection
	GlobalSection(ProjectConfigurationPlatforms) = postSolution
		{D8F027CB-5AF9-4C36-9BCD-5D884D57D4F5}.Debug|Any CPU.ActiveCfg = Debug|Any CPU
		{D8F027CB-5AF9-4C36-9BCD-5D884D57D4F5}.Debug|Any CPU.Build.0 = Debug|Any CPU
		{D8F027CB-5AF9-4C36-9BCD-5D884D57D4F5}.Release|Any CPU.ActiveCfg = Release|Any CPU
		{D8F027CB-5AF9-4C36-9BCD-5D884D57D4F5}.Release|Any CPU.Build.0 = Release|Any CPU
		{147ABD17-D84F-4AAB-82F8-680443A97A85}.Debug|Any CPU.ActiveCfg = Debug|Any CPU
		{147ABD17-D84F-4AAB-82F8-680443A97A85}.Debug|Any CPU.Build.0 = Debug|Any CPU
		{147ABD17-D84F-4AAB-82F8-680443A97A85}.Release|Any CPU.ActiveCfg = Release|Any CPU
		{147ABD17-D84F-4AAB-82F8-680443A97A85}.Release|Any CPU.Build.0 = Release|Any CPU
		{361B21A4-9A9B-4A26-BE32-F5DC596B34A5}.Debug|Any CPU.ActiveCfg = Debug|Any CPU
		{361B21A4-9A9B-4A26-BE32-F5DC596B34A5}.Debug|Any CPU.Build.0 = Debug|Any CPU
		{361B21A4-9A9B-4A26-BE32-F5DC596B34A5}.Release|Any CPU.ActiveCfg = Release|Any CPU
		{361B21A4-9A9B-4A26-BE32-F5DC596B34A5}.Release|Any CPU.Build.0 = Release|Any CPU
		{2DF415A5-3482-4372-A734-E88D7EFFEA8F}.Debug|Any CPU.ActiveCfg = Debug|Any CPU
		{2DF415A5-3482-4372-A734-E88D7EFFEA8F}.Debug|Any CPU.Build.0 = Debug|Any CPU
		{2DF415A5-3482-4372-A734-E88D7EFFEA8F}.Release|Any CPU.ActiveCfg = Release|Any CPU
		{2DF415A5-3482-4372-A734-E88D7EFFEA8F}.Release|Any CPU.Build.0 = Release|Any CPU
	EndGlobalSection
EndGlobal
